
Microsoft Visual Studio Solution File, Format Version 12.00
# Visual Studio Version 17
VisualStudioVersion = 17.5.33530.505
MinimumVisualStudioVersion = 10.0.40219.1
Project("{FAE04EC0-301F-11D3-BF4B-00C04F79EFBC}") = "Lanchonete", "Lanchonete\Lanchonete.csproj", "{0657F541-4DE6-480D-B97A-5472DD7B14CA}"
EndProject
Global
	GlobalSection(SolutionConfigurationPlatforms) = preSolution
		Debug|Any CPU = Debug|Any CPU
		Release|Any CPU = Release|Any CPU
	EndGlobalSection
	GlobalSection(ProjectConfigurationPlatforms) = postSolution
		{0657F541-4DE6-480D-B97A-5472DD7B14CA}.Debug|Any CPU.ActiveCfg = Debug|Any CPU
		{0657F541-4DE6-480D-B97A-5472DD7B14CA}.Debug|Any CPU.Build.0 = Debug|Any CPU
		{0657F541-4DE6-480D-B97A-5472DD7B14CA}.Release|Any CPU.ActiveCfg = Release|Any CPU
		{0657F541-4DE6-480D-B97A-5472DD7B14CA}.Release|Any CPU.Build.0 = Release|Any CPU
	EndGlobalSection
	GlobalSection(SolutionProperties) = preSolution
		HideSolutionNode = FALSE
	EndGlobalSection
	GlobalSection(ExtensibilityGlobals) = postSolution
		SolutionGuid = {A459504A-9063-454A-AD11-0450A4F336A4}
	EndGlobalSection
EndGlobal
